
Microsoft Visual Studio Solution File, Format Version 12.00
# Visual Studio Version 16
VisualStudioVersion = 16.0.30907.101
MinimumVisualStudioVersion = 10.0.40219.1
Project("{FAE04EC0-301F-11D3-BF4B-00C04F79EFBC}") = "WPF_lab", "WPF_lab\WPF_lab.csproj", "{5BD50FB8-6DFF-4B8E-9816-E9FE469A1960}"
EndProject
Project("{FAE04EC0-301F-11D3-BF4B-00C04F79EFBC}") = "DataLibrary_lab", "DataLibrary_lab\DataLibrary_lab.csproj", "{28017FD8-7943-4788-A960-FAAF0A97939B}"
EndProject
Global
	GlobalSection(SolutionConfigurationPlatforms) = preSolution
		Debug|Any CPU = Debug|Any CPU
		Release|Any CPU = Release|Any CPU
	EndGlobalSection
	GlobalSection(ProjectConfigurationPlatforms) = postSolution
		{5BD50FB8-6DFF-4B8E-9816-E9FE469A1960}.Debug|Any CPU.ActiveCfg = Debug|Any CPU
		{5BD50FB8-6DFF-4B8E-9816-E9FE469A1960}.Debug|Any CPU.Build.0 = Debug|Any CPU
		{5BD50FB8-6DFF-4B8E-9816-E9FE469A1960}.Release|Any CPU.ActiveCfg = Release|Any CPU
		{5BD50FB8-6DFF-4B8E-9816-E9FE469A1960}.Release|Any CPU.Build.0 = Release|Any CPU
		{28017FD8-7943-4788-A960-FAAF0A97939B}.Debug|Any CPU.ActiveCfg = Debug|Any CPU
		{28017FD8-7943-4788-A960-FAAF0A97939B}.Debug|Any CPU.Build.0 = Debug|Any CPU
		{28017FD8-7943-4788-A960-FAAF0A97939B}.Release|Any CPU.ActiveCfg = Release|Any CPU
		{28017FD8-7943-4788-A960-FAAF0A97939B}.Release|Any CPU.Build.0 = Release|Any CPU
	EndGlobalSection
	GlobalSection(SolutionProperties) = preSolution
		HideSolutionNode = FALSE
	EndGlobalSection
	GlobalSection(ExtensibilityGlobals) = postSolution
		SolutionGuid = {EFB0DA0E-7025-4CFD-B496-91F76086E10C}
	EndGlobalSection
EndGlobal
